
Microsoft Visual Studio Solution File, Format Version 12.00
# Visual Studio Version 16
VisualStudioVersion = 16.0.29521.150
MinimumVisualStudioVersion = 10.0.40219.1
Project("{9A19103F-16F7-4668-BE54-9A1E7A4F7556}") = "BlazorWebSpaceTool", "BlazorWebSpaceTool\BlazorWebSpaceTool\BlazorWebSpaceTool.csproj", "{0F9EC6FB-AC2A-4589-ADF4-7B5AEBF86C60}"
EndProject
Project("{9A19103F-16F7-4668-BE54-9A1E7A4F7556}") = "GrpcSpaceServer", "BlazorWebSpaceTool\GrpcSpaceServer\GrpcSpaceServer.csproj", "{810E8E13-F1EE-457D-B7BE-96F2E1311B03}"
EndProject
Project("{9A19103F-16F7-4668-BE54-9A1E7A4F7556}") = "BrctcSpaceLibrary", "BlazorWebSpaceTool\BrctcSpaceLibrary\BrctcSpaceLibrary.csproj", "{6386815A-6A2E-4579-BB65-22B0124CBF97}"
EndProject
Project("{9A19103F-16F7-4668-BE54-9A1E7A4F7556}") = "Vibe2020Tests", "BlazorWebSpaceTool\Vibe2020DataAcquisition\Vibe2020Tests.csproj", "{B2964EB0-A4EC-45BD-8A2A-83E7E87C511A}"
EndProject
Project("{9A19103F-16F7-4668-BE54-9A1E7A4F7556}") = "Vibe2020Client", "BlazorWebSpaceTool\Vibe2020Client\Vibe2020Client.csproj", "{078D3837-8DBA-45D9-AD61-7459935A1FED}"
EndProject
Project("{9A19103F-16F7-4668-BE54-9A1E7A4F7556}") = "Vibe2020ClientLibrary", "BlazorWebSpaceTool\Vibe2020ClientLibrary\Vibe2020ClientLibrary.csproj", "{3E6DC731-62EB-45D2-860C-A04B38EFD7BB}"
EndProject
Project("{9A19103F-16F7-4668-BE54-9A1E7A4F7556}") = "DataAnalyzer", "DataAnalyzer\DataAnalyzer.csproj", "{AA8803B6-3B33-4AB7-9BB9-C49C59387F39}"
EndProject
Project("{9A19103F-16F7-4668-BE54-9A1E7A4F7556}") = "BrctcCalculations", "BlazorWebSpaceTool\BrctcCalculations\BrctcCalculations.csproj", "{9540CBBB-CF53-4856-A55F-88B426602AA5}"
EndProject
Project("{9A19103F-16F7-4668-BE54-9A1E7A4F7556}") = "BrctcSpaceBackgroundService", "BrctcSpaceBackgroundService\BrctcSpaceBackgroundService.csproj", "{E9141AC4-5970-45A5-B2A4-F7202B431876}"
EndProject
Project("{FAE04EC0-301F-11D3-BF4B-00C04F79EFBC}") = "DataConversions", "DataConversions\DataConversions.csproj", "{CF994C85-F28F-40EF-9342-6D78E9C27A61}"
EndProject
Global
	GlobalSection(SolutionConfigurationPlatforms) = preSolution
		Debug|Any CPU = Debug|Any CPU
		Release|Any CPU = Release|Any CPU
	EndGlobalSection
	GlobalSection(ProjectConfigurationPlatforms) = postSolution
		{0F9EC6FB-AC2A-4589-ADF4-7B5AEBF86C60}.Debug|Any CPU.ActiveCfg = Debug|Any CPU
		{0F9EC6FB-AC2A-4589-ADF4-7B5AEBF86C60}.Debug|Any CPU.Build.0 = Debug|Any CPU
		{0F9EC6FB-AC2A-4589-ADF4-7B5AEBF86C60}.Release|Any CPU.ActiveCfg = Release|Any CPU
		{0F9EC6FB-AC2A-4589-ADF4-7B5AEBF86C60}.Release|Any CPU.Build.0 = Release|Any CPU
		{810E8E13-F1EE-457D-B7BE-96F2E1311B03}.Debug|Any CPU.ActiveCfg = Debug|Any CPU
		{810E8E13-F1EE-457D-B7BE-96F2E1311B03}.Debug|Any CPU.Build.0 = Debug|Any CPU
		{810E8E13-F1EE-457D-B7BE-96F2E1311B03}.Release|Any CPU.ActiveCfg = Release|Any CPU
		{810E8E13-F1EE-457D-B7BE-96F2E1311B03}.Release|Any CPU.Build.0 = Release|Any CPU
		{6386815A-6A2E-4579-BB65-22B0124CBF97}.Debug|Any CPU.ActiveCfg = Debug|Any CPU
		{6386815A-6A2E-4579-BB65-22B0124CBF97}.Debug|Any CPU.Build.0 = Debug|Any CPU
		{6386815A-6A2E-4579-BB65-22B0124CBF97}.Release|Any CPU.ActiveCfg = Release|Any CPU
		{6386815A-6A2E-4579-BB65-22B0124CBF97}.Release|Any CPU.Build.0 = Release|Any CPU
		{B2964EB0-A4EC-45BD-8A2A-83E7E87C511A}.Debug|Any CPU.ActiveCfg = Debug|Any CPU
		{B2964EB0-A4EC-45BD-8A2A-83E7E87C511A}.Debug|Any CPU.Build.0 = Debug|Any CPU
		{B2964EB0-A4EC-45BD-8A2A-83E7E87C511A}.Release|Any CPU.ActiveCfg = Release|Any CPU
		{B2964EB0-A4EC-45BD-8A2A-83E7E87C511A}.Release|Any CPU.Build.0 = Release|Any CPU
		{078D3837-8DBA-45D9-AD61-7459935A1FED}.Debug|Any CPU.ActiveCfg = Debug|Any CPU
		{078D3837-8DBA-45D9-AD61-7459935A1FED}.Debug|Any CPU.Build.0 = Debug|Any CPU
		{078D3837-8DBA-45D9-AD61-7459935A1FED}.Release|Any CPU.ActiveCfg = Release|Any CPU
		{078D3837-8DBA-45D9-AD61-7459935A1FED}.Release|Any CPU.Build.0 = Release|Any CPU
		{3E6DC731-62EB-45D2-860C-A04B38EFD7BB}.Debug|Any CPU.ActiveCfg = Debug|Any CPU
		{3E6DC731-62EB-45D2-860C-A04B38EFD7BB}.Debug|Any CPU.Build.0 = Debug|Any CPU
		{3E6DC731-62EB-45D2-860C-A04B38EFD7BB}.Release|Any CPU.ActiveCfg = Release|Any CPU
		{3E6DC731-62EB-45D2-860C-A04B38EFD7BB}.Release|Any CPU.Build.0 = Release|Any CPU
		{AA8803B6-3B33-4AB7-9BB9-C49C59387F39}.Debug|Any CPU.ActiveCfg = Debug|Any CPU
		{AA8803B6-3B33-4AB7-9BB9-C49C59387F39}.Debug|Any CPU.Build.0 = Debug|Any CPU
		{AA8803B6-3B33-4AB7-9BB9-C49C59387F39}.Release|Any CPU.ActiveCfg = Release|Any CPU
		{AA8803B6-3B33-4AB7-9BB9-C49C59387F39}.Release|Any CPU.Build.0 = Release|Any CPU
		{9540CBBB-CF53-4856-A55F-88B426602AA5}.Debug|Any CPU.ActiveCfg = Debug|Any CPU
		{9540CBBB-CF53-4856-A55F-88B426602AA5}.Debug|Any CPU.Build.0 = Debug|Any CPU
		{9540CBBB-CF53-4856-A55F-88B426602AA5}.Release|Any CPU.ActiveCfg = Release|Any CPU
		{9540CBBB-CF53-4856-A55F-88B426602AA5}.Release|Any CPU.Build.0 = Release|Any CPU
		{E9141AC4-5970-45A5-B2A4-F7202B431876}.Debug|Any CPU.ActiveCfg = Debug|Any CPU
		{E9141AC4-5970-45A5-B2A4-F7202B431876}.Debug|Any CPU.Build.0 = Debug|Any CPU
		{E9141AC4-5970-45A5-B2A4-F7202B431876}.Release|Any CPU.ActiveCfg = Release|Any CPU
		{E9141AC4-5970-45A5-B2A4-F7202B431876}.Release|Any CPU.Build.0 = Release|Any CPU
		{CF994C85-F28F-40EF-9342-6D78E9C27A61}.Debug|Any CPU.ActiveCfg = Debug|Any CPU
		{CF994C85-F28F-40EF-9342-6D78E9C27A61}.Debug|Any CPU.Build.0 = Debug|Any CPU
		{CF994C85-F28F-40EF-9342-6D78E9C27A61}.Release|Any CPU.ActiveCfg = Release|Any CPU
		{CF994C85-F28F-40EF-9342-6D78E9C27A61}.Release|Any CPU.Build.0 = Release|Any CPU
	EndGlobalSection
	GlobalSection(SolutionProperties) = preSolution
		HideSolutionNode = FALSE
	EndGlobalSection
	GlobalSection(ExtensibilityGlobals) = postSolution
		SolutionGuid = {79423487-3322-4DAA-AEA3-249587C0E379}
	EndGlobalSection
EndGlobal
