
Microsoft Visual Studio Solution File, Format Version 12.00
# Visual Studio Version 16
VisualStudioVersion = 16.0.29521.150
MinimumVisualStudioVersion = 10.0.40219.1
Project("{9A19103F-16F7-4668-BE54-9A1E7A4F7556}") = "BlazorWebSpaceTool", "BlazorWebSpaceTool\BlazorWebSpaceTool\BlazorWebSpaceTool.csproj", "{0F9EC6FB-AC2A-4589-ADF4-7B5AEBF86C60}"
EndProject
Project("{9A19103F-16F7-4668-BE54-9A1E7A4F7556}") = "GrpcSpaceServer", "BlazorWebSpaceTool\GrpcSpaceServer\GrpcSpaceServer.csproj", "{810E8E13-F1EE-457D-B7BE-96F2E1311B03}"
EndProject
Project("{FAE04EC0-301F-11D3-BF4B-00C04F79EFBC}") = "BrctcSpaceLibrary", "BlazorWebSpaceTool\BrctcSpaceLibrary\BrctcSpaceLibrary.csproj", "{6386815A-6A2E-4579-BB65-22B0124CBF97}"
EndProject
Global
	GlobalSection(SolutionConfigurationPlatforms) = preSolution
		Debug|Any CPU = Debug|Any CPU
		Release|Any CPU = Release|Any CPU
	EndGlobalSection
	GlobalSection(ProjectConfigurationPlatforms) = postSolution
		{0F9EC6FB-AC2A-4589-ADF4-7B5AEBF86C60}.Debug|Any CPU.ActiveCfg = Debug|Any CPU
		{0F9EC6FB-AC2A-4589-ADF4-7B5AEBF86C60}.Debug|Any CPU.Build.0 = Debug|Any CPU
		{0F9EC6FB-AC2A-4589-ADF4-7B5AEBF86C60}.Release|Any CPU.ActiveCfg = Release|Any CPU
		{0F9EC6FB-AC2A-4589-ADF4-7B5AEBF86C60}.Release|Any CPU.Build.0 = Release|Any CPU
		{810E8E13-F1EE-457D-B7BE-96F2E1311B03}.Debug|Any CPU.ActiveCfg = Debug|Any CPU
		{810E8E13-F1EE-457D-B7BE-96F2E1311B03}.Debug|Any CPU.Build.0 = Debug|Any CPU
		{810E8E13-F1EE-457D-B7BE-96F2E1311B03}.Release|Any CPU.ActiveCfg = Release|Any CPU
		{810E8E13-F1EE-457D-B7BE-96F2E1311B03}.Release|Any CPU.Build.0 = Release|Any CPU
		{6386815A-6A2E-4579-BB65-22B0124CBF97}.Debug|Any CPU.ActiveCfg = Debug|Any CPU
		{6386815A-6A2E-4579-BB65-22B0124CBF97}.Debug|Any CPU.Build.0 = Debug|Any CPU
		{6386815A-6A2E-4579-BB65-22B0124CBF97}.Release|Any CPU.ActiveCfg = Release|Any CPU
		{6386815A-6A2E-4579-BB65-22B0124CBF97}.Release|Any CPU.Build.0 = Release|Any CPU
	EndGlobalSection
	GlobalSection(SolutionProperties) = preSolution
		HideSolutionNode = FALSE
	EndGlobalSection
	GlobalSection(ExtensibilityGlobals) = postSolution
		SolutionGuid = {79423487-3322-4DAA-AEA3-249587C0E379}
	EndGlobalSection
EndGlobal
