
Microsoft Visual Studio Solution File, Format Version 12.00
# Visual Studio Version 16
VisualStudioVersion = 16.0.29613.14
MinimumVisualStudioVersion = 10.0.40219.1
Project("{9A19103F-16F7-4668-BE54-9A1E7A4F7556}") = "TestRSTConsoleApp", "TestRSTConsoleApp.csproj", "{50B9BE4E-9738-4BBF-863C-1312F552B685}"
EndProject
Global
	GlobalSection(SolutionConfigurationPlatforms) = preSolution
		Debug|Any CPU = Debug|Any CPU
		Release|Any CPU = Release|Any CPU
	EndGlobalSection
	GlobalSection(ProjectConfigurationPlatforms) = postSolution
		{50B9BE4E-9738-4BBF-863C-1312F552B685}.Debug|Any CPU.ActiveCfg = Debug|Any CPU
		{50B9BE4E-9738-4BBF-863C-1312F552B685}.Debug|Any CPU.Build.0 = Debug|Any CPU
		{50B9BE4E-9738-4BBF-863C-1312F552B685}.Release|Any CPU.ActiveCfg = Release|Any CPU
		{50B9BE4E-9738-4BBF-863C-1312F552B685}.Release|Any CPU.Build.0 = Release|Any CPU
	EndGlobalSection
	GlobalSection(SolutionProperties) = preSolution
		HideSolutionNode = FALSE
	EndGlobalSection
	GlobalSection(ExtensibilityGlobals) = postSolution
		SolutionGuid = {A16383AC-9894-49CF-B807-7C5B0D17B85B}
	EndGlobalSection
EndGlobal
